// !$*UTF8*$!
{
	archiveVersion = 1;
	classes = {
	};
	objectVersion = 56;
	objects = {

/* Begin PBXBuildFile section */
		744D47EB2BAA10D20052DA85 /* GCK_HearingTests.swift in Sources */ = {isa = PBXBuildFile; fileRef = 744D47EA2BAA10D20052DA85 /* GCK_HearingTests.swift */; };
		744D47F22BAA10E60052DA85 /* PatientListTests.swift in Sources */ = {isa = PBXBuildFile; fileRef = 744D47F12BAA10E60052DA85 /* PatientListTests.swift */; };
		744D48492BAA392F0052DA85 /* DayVisitModel.swift in Sources */ = {isa = PBXBuildFile; fileRef = 744D48482BAA392F0052DA85 /* DayVisitModel.swift */; };
		744D484B2BAA41500052DA85 /* Date+.swift in Sources */ = {isa = PBXBuildFile; fileRef = 744D484A2BAA41500052DA85 /* Date+.swift */; };
		744D484D2BACAFBA0052DA85 /* DateWheelTextField.swift in Sources */ = {isa = PBXBuildFile; fileRef = 744D484C2BACAFBA0052DA85 /* DateWheelTextField.swift */; };
		744D484F2BB0B1240052DA85 /* PauseMenu.swift in Sources */ = {isa = PBXBuildFile; fileRef = 744D484E2BB0B1240052DA85 /* PauseMenu.swift */; };
		744D48522BB322FB0052DA85 /* Button+Style.swift in Sources */ = {isa = PBXBuildFile; fileRef = 744D48512BB322FB0052DA85 /* Button+Style.swift */; };
		74B17F032B97989400527AA0 /* GCK_HearingApp.swift in Sources */ = {isa = PBXBuildFile; fileRef = 74B17F022B97989400527AA0 /* GCK_HearingApp.swift */; };
		74B17F052B97989400527AA0 /* LoginView.swift in Sources */ = {isa = PBXBuildFile; fileRef = 74B17F042B97989400527AA0 /* LoginView.swift */; };
		74B17F072B97989600527AA0 /* Assets.xcassets in Resources */ = {isa = PBXBuildFile; fileRef = 74B17F062B97989600527AA0 /* Assets.xcassets */; };
		74B17F0A2B97989600527AA0 /* Preview Assets.xcassets in Resources */ = {isa = PBXBuildFile; fileRef = 74B17F092B97989600527AA0 /* Preview Assets.xcassets */; };
		74B17F112B979AE400527AA0 /* PatientListView.swift in Sources */ = {isa = PBXBuildFile; fileRef = 74B17F102B979AE400527AA0 /* PatientListView.swift */; };
		74B17F142B979DCD00527AA0 /* PatientViewModel.swift in Sources */ = {isa = PBXBuildFile; fileRef = 74B17F132B979DCD00527AA0 /* PatientViewModel.swift */; };
		74B17F172B979EFC00527AA0 /* PatientModel.swift in Sources */ = {isa = PBXBuildFile; fileRef = 74B17F162B979EFC00527AA0 /* PatientModel.swift */; };
		74B17F1A2B97A0DE00527AA0 /* FakeDatabase.swift in Sources */ = {isa = PBXBuildFile; fileRef = 74B17F192B97A0DE00527AA0 /* FakeDatabase.swift */; };
		74B17F1E2B97CDEF00527AA0 /* PatientRepository.swift in Sources */ = {isa = PBXBuildFile; fileRef = 74B17F1D2B97CDEF00527AA0 /* PatientRepository.swift */; };
		74B17F222B97E82B00527AA0 /* SearchView.swift in Sources */ = {isa = PBXBuildFile; fileRef = 74B17F212B97E82B00527AA0 /* SearchView.swift */; };
		74B17F252B97E87300527AA0 /* Color.swift in Sources */ = {isa = PBXBuildFile; fileRef = 74B17F242B97E87300527AA0 /* Color.swift */; };
		74B17F272B97EBD800527AA0 /* RoundedButton.swift in Sources */ = {isa = PBXBuildFile; fileRef = 74B17F262B97EBD800527AA0 /* RoundedButton.swift */; };
		74B17F2C2B98D4A200527AA0 /* ScreeningCoordinator.swift in Sources */ = {isa = PBXBuildFile; fileRef = 74B17F2B2B98D4A200527AA0 /* ScreeningCoordinator.swift */; };
		74B17F302B9A217600527AA0 /* PatientDetailView.swift in Sources */ = {isa = PBXBuildFile; fileRef = 74B17F2F2B9A217600527AA0 /* PatientDetailView.swift */; };
		74B17F322B9A37FC00527AA0 /* PatientDetailViewModel.swift in Sources */ = {isa = PBXBuildFile; fileRef = 74B17F312B9A37FC00527AA0 /* PatientDetailViewModel.swift */; };
		74B17F352B9A93AF00527AA0 /* ScreeningViewModel.swift in Sources */ = {isa = PBXBuildFile; fileRef = 74B17F342B9A93AF00527AA0 /* ScreeningViewModel.swift */; };
		74B17F372B9A9CC400527AA0 /* ScreeningView.swift in Sources */ = {isa = PBXBuildFile; fileRef = 74B17F362B9A9CC400527AA0 /* ScreeningView.swift */; };
		74B17F3A2B9B75DE00527AA0 /* ResultDetailsViewModel.swift in Sources */ = {isa = PBXBuildFile; fileRef = 74B17F392B9B75DE00527AA0 /* ResultDetailsViewModel.swift */; };
		74B17F3C2B9B79C000527AA0 /* ResultDetailsView.swift in Sources */ = {isa = PBXBuildFile; fileRef = 74B17F3B2B9B79C000527AA0 /* ResultDetailsView.swift */; };
		74B17F3F2B9BCA0D00527AA0 /* MultiLocationViewModel.swift in Sources */ = {isa = PBXBuildFile; fileRef = 74B17F3E2B9BCA0D00527AA0 /* MultiLocationViewModel.swift */; };
		74B17F412B9BCC3800527AA0 /* MultiLocationListView.swift in Sources */ = {isa = PBXBuildFile; fileRef = 74B17F402B9BCC3800527AA0 /* MultiLocationListView.swift */; };
		74B688952BA8EE2C00920BA8 /* AddPatientView.swift in Sources */ = {isa = PBXBuildFile; fileRef = 74B688942BA8EE2C00920BA8 /* AddPatientView.swift */; };
		74BB09FC2B9F914400E43779 /* LoginViewModel.swift in Sources */ = {isa = PBXBuildFile; fileRef = 74BB09FB2B9F914400E43779 /* LoginViewModel.swift */; };
		74BB09FE2B9FA74300E43779 /* RootCoordinator.swift in Sources */ = {isa = PBXBuildFile; fileRef = 74BB09FD2B9FA74300E43779 /* RootCoordinator.swift */; };
		74BB0A002B9FAD4700E43779 /* View.swift in Sources */ = {isa = PBXBuildFile; fileRef = 74BB09FF2B9FAD4700E43779 /* View.swift */; };
		74BB0A4D2BA21D6100E43779 /* ResultModels.swift in Sources */ = {isa = PBXBuildFile; fileRef = 74BB0A4C2BA21D6100E43779 /* ResultModels.swift */; };
		74BB0A4F2BA21E4200E43779 /* SceneDelegate.swift in Sources */ = {isa = PBXBuildFile; fileRef = 74BB0A4E2BA21E4200E43779 /* SceneDelegate.swift */; };
		74BB0A512BA21E7500E43779 /* AppDelegate.swift in Sources */ = {isa = PBXBuildFile; fileRef = 74BB0A502BA21E7500E43779 /* AppDelegate.swift */; };
		74BB0A532BA21FF200E43779 /* FirstCoordinator.swift in Sources */ = {isa = PBXBuildFile; fileRef = 74BB0A522BA21FF200E43779 /* FirstCoordinator.swift */; };
		74BB0A552BA220DC00E43779 /* ApplicationCoordinator.swift in Sources */ = {isa = PBXBuildFile; fileRef = 74BB0A542BA220DC00E43779 /* ApplicationCoordinator.swift */; };
		74BB0A572BA2477200E43779 /* Task + Sleep.swift in Sources */ = {isa = PBXBuildFile; fileRef = 74BB0A562BA2477200E43779 /* Task + Sleep.swift */; };
/* End PBXBuildFile section */

/* Begin PBXContainerItemProxy section */
		744D47EC2BAA10D20052DA85 /* PBXContainerItemProxy */ = {
			isa = PBXContainerItemProxy;
			containerPortal = 74B17EF72B97989400527AA0 /* Project object */;
			proxyType = 1;
			remoteGlobalIDString = 74B17EFE2B97989400527AA0;
			remoteInfo = "GCK Hearing";
		};
/* End PBXContainerItemProxy section */

/* Begin PBXFileReference section */
		744D47E82BAA10D20052DA85 /* GCK HearingTests.xctest */ = {isa = PBXFileReference; explicitFileType = wrapper.cfbundle; includeInIndex = 0; path = "GCK HearingTests.xctest"; sourceTree = BUILT_PRODUCTS_DIR; };
		744D47EA2BAA10D20052DA85 /* GCK_HearingTests.swift */ = {isa = PBXFileReference; lastKnownFileType = sourcecode.swift; path = GCK_HearingTests.swift; sourceTree = "<group>"; };
		744D47F12BAA10E60052DA85 /* PatientListTests.swift */ = {isa = PBXFileReference; lastKnownFileType = sourcecode.swift; path = PatientListTests.swift; sourceTree = "<group>"; };
		744D48482BAA392F0052DA85 /* DayVisitModel.swift */ = {isa = PBXFileReference; lastKnownFileType = sourcecode.swift; path = DayVisitModel.swift; sourceTree = "<group>"; };
		744D484A2BAA41500052DA85 /* Date+.swift */ = {isa = PBXFileReference; lastKnownFileType = sourcecode.swift; path = "Date+.swift"; sourceTree = "<group>"; };
		744D484C2BACAFBA0052DA85 /* DateWheelTextField.swift */ = {isa = PBXFileReference; lastKnownFileType = sourcecode.swift; path = DateWheelTextField.swift; sourceTree = "<group>"; };
		744D484E2BB0B1240052DA85 /* PauseMenu.swift */ = {isa = PBXFileReference; lastKnownFileType = sourcecode.swift; path = PauseMenu.swift; sourceTree = "<group>"; };
		744D48512BB322FB0052DA85 /* Button+Style.swift */ = {isa = PBXFileReference; lastKnownFileType = sourcecode.swift; path = "Button+Style.swift"; sourceTree = "<group>"; };
		74B17EFF2B97989400527AA0 /* GCK Hearing.app */ = {isa = PBXFileReference; explicitFileType = wrapper.application; includeInIndex = 0; path = "GCK Hearing.app"; sourceTree = BUILT_PRODUCTS_DIR; };
		74B17F022B97989400527AA0 /* GCK_HearingApp.swift */ = {isa = PBXFileReference; lastKnownFileType = sourcecode.swift; path = GCK_HearingApp.swift; sourceTree = "<group>"; };
		74B17F042B97989400527AA0 /* LoginView.swift */ = {isa = PBXFileReference; lastKnownFileType = sourcecode.swift; path = LoginView.swift; sourceTree = "<group>"; };
		74B17F062B97989600527AA0 /* Assets.xcassets */ = {isa = PBXFileReference; lastKnownFileType = folder.assetcatalog; path = Assets.xcassets; sourceTree = "<group>"; };
		74B17F092B97989600527AA0 /* Preview Assets.xcassets */ = {isa = PBXFileReference; lastKnownFileType = folder.assetcatalog; path = "Preview Assets.xcassets"; sourceTree = "<group>"; };
		74B17F102B979AE400527AA0 /* PatientListView.swift */ = {isa = PBXFileReference; lastKnownFileType = sourcecode.swift; path = PatientListView.swift; sourceTree = "<group>"; };
		74B17F132B979DCD00527AA0 /* PatientViewModel.swift */ = {isa = PBXFileReference; lastKnownFileType = sourcecode.swift; path = PatientViewModel.swift; sourceTree = "<group>"; };
		74B17F162B979EFC00527AA0 /* PatientModel.swift */ = {isa = PBXFileReference; lastKnownFileType = sourcecode.swift; path = PatientModel.swift; sourceTree = "<group>"; };
		74B17F192B97A0DE00527AA0 /* FakeDatabase.swift */ = {isa = PBXFileReference; lastKnownFileType = sourcecode.swift; path = FakeDatabase.swift; sourceTree = "<group>"; };
		74B17F1D2B97CDEF00527AA0 /* PatientRepository.swift */ = {isa = PBXFileReference; lastKnownFileType = sourcecode.swift; path = PatientRepository.swift; sourceTree = "<group>"; };
		74B17F212B97E82B00527AA0 /* SearchView.swift */ = {isa = PBXFileReference; lastKnownFileType = sourcecode.swift; path = SearchView.swift; sourceTree = "<group>"; };
		74B17F242B97E87300527AA0 /* Color.swift */ = {isa = PBXFileReference; lastKnownFileType = sourcecode.swift; path = Color.swift; sourceTree = "<group>"; };
		74B17F262B97EBD800527AA0 /* RoundedButton.swift */ = {isa = PBXFileReference; lastKnownFileType = sourcecode.swift; path = RoundedButton.swift; sourceTree = "<group>"; };
		74B17F2B2B98D4A200527AA0 /* ScreeningCoordinator.swift */ = {isa = PBXFileReference; lastKnownFileType = sourcecode.swift; path = ScreeningCoordinator.swift; sourceTree = "<group>"; };
		74B17F2F2B9A217600527AA0 /* PatientDetailView.swift */ = {isa = PBXFileReference; lastKnownFileType = sourcecode.swift; path = PatientDetailView.swift; sourceTree = "<group>"; };
		74B17F312B9A37FC00527AA0 /* PatientDetailViewModel.swift */ = {isa = PBXFileReference; lastKnownFileType = sourcecode.swift; path = PatientDetailViewModel.swift; sourceTree = "<group>"; };
		74B17F342B9A93AF00527AA0 /* ScreeningViewModel.swift */ = {isa = PBXFileReference; lastKnownFileType = sourcecode.swift; path = ScreeningViewModel.swift; sourceTree = "<group>"; };
		74B17F362B9A9CC400527AA0 /* ScreeningView.swift */ = {isa = PBXFileReference; lastKnownFileType = sourcecode.swift; path = ScreeningView.swift; sourceTree = "<group>"; };
		74B17F392B9B75DE00527AA0 /* ResultDetailsViewModel.swift */ = {isa = PBXFileReference; lastKnownFileType = sourcecode.swift; path = ResultDetailsViewModel.swift; sourceTree = "<group>"; };
		74B17F3B2B9B79C000527AA0 /* ResultDetailsView.swift */ = {isa = PBXFileReference; lastKnownFileType = sourcecode.swift; path = ResultDetailsView.swift; sourceTree = "<group>"; };
		74B17F3E2B9BCA0D00527AA0 /* MultiLocationViewModel.swift */ = {isa = PBXFileReference; lastKnownFileType = sourcecode.swift; path = MultiLocationViewModel.swift; sourceTree = "<group>"; };
		74B17F402B9BCC3800527AA0 /* MultiLocationListView.swift */ = {isa = PBXFileReference; lastKnownFileType = sourcecode.swift; path = MultiLocationListView.swift; sourceTree = "<group>"; };
		74B688942BA8EE2C00920BA8 /* AddPatientView.swift */ = {isa = PBXFileReference; lastKnownFileType = sourcecode.swift; path = AddPatientView.swift; sourceTree = "<group>"; };
		74BB09FB2B9F914400E43779 /* LoginViewModel.swift */ = {isa = PBXFileReference; lastKnownFileType = sourcecode.swift; path = LoginViewModel.swift; sourceTree = "<group>"; };
		74BB09FD2B9FA74300E43779 /* RootCoordinator.swift */ = {isa = PBXFileReference; lastKnownFileType = sourcecode.swift; path = RootCoordinator.swift; sourceTree = "<group>"; };
		74BB09FF2B9FAD4700E43779 /* View.swift */ = {isa = PBXFileReference; lastKnownFileType = sourcecode.swift; path = View.swift; sourceTree = "<group>"; };
		74BB0A4C2BA21D6100E43779 /* ResultModels.swift */ = {isa = PBXFileReference; lastKnownFileType = sourcecode.swift; path = ResultModels.swift; sourceTree = "<group>"; };
		74BB0A4E2BA21E4200E43779 /* SceneDelegate.swift */ = {isa = PBXFileReference; lastKnownFileType = sourcecode.swift; path = SceneDelegate.swift; sourceTree = "<group>"; };
		74BB0A502BA21E7500E43779 /* AppDelegate.swift */ = {isa = PBXFileReference; lastKnownFileType = sourcecode.swift; path = AppDelegate.swift; sourceTree = "<group>"; };
		74BB0A522BA21FF200E43779 /* FirstCoordinator.swift */ = {isa = PBXFileReference; lastKnownFileType = sourcecode.swift; path = FirstCoordinator.swift; sourceTree = "<group>"; };
		74BB0A542BA220DC00E43779 /* ApplicationCoordinator.swift */ = {isa = PBXFileReference; lastKnownFileType = sourcecode.swift; path = ApplicationCoordinator.swift; sourceTree = "<group>"; };
		74BB0A562BA2477200E43779 /* Task + Sleep.swift */ = {isa = PBXFileReference; lastKnownFileType = sourcecode.swift; path = "Task + Sleep.swift"; sourceTree = "<group>"; };
/* End PBXFileReference section */

/* Begin PBXFrameworksBuildPhase section */
		744D47E52BAA10D20052DA85 /* Frameworks */ = {
			isa = PBXFrameworksBuildPhase;
			buildActionMask = 2147483647;
			files = (
			);
			runOnlyForDeploymentPostprocessing = 0;
		};
		74B17EFC2B97989400527AA0 /* Frameworks */ = {
			isa = PBXFrameworksBuildPhase;
			buildActionMask = 2147483647;
			files = (
			);
			runOnlyForDeploymentPostprocessing = 0;
		};
/* End PBXFrameworksBuildPhase section */

/* Begin PBXGroup section */
		744D47E92BAA10D20052DA85 /* GCK HearingTests */ = {
			isa = PBXGroup;
			children = (
				744D47EA2BAA10D20052DA85 /* GCK_HearingTests.swift */,
				744D47F12BAA10E60052DA85 /* PatientListTests.swift */,
			);
			path = "GCK HearingTests";
			sourceTree = "<group>";
		};
		744D48502BB322770052DA85 /* Styles */ = {
			isa = PBXGroup;
			children = (
				744D48512BB322FB0052DA85 /* Button+Style.swift */,
			);
			path = Styles;
			sourceTree = "<group>";
		};
		74B17EF62B97989400527AA0 = {
			isa = PBXGroup;
			children = (
				74B17F012B97989400527AA0 /* GCK Hearing */,
				744D47E92BAA10D20052DA85 /* GCK HearingTests */,
				74B17F002B97989400527AA0 /* Products */,
			);
			sourceTree = "<group>";
		};
		74B17F002B97989400527AA0 /* Products */ = {
			isa = PBXGroup;
			children = (
				74B17EFF2B97989400527AA0 /* GCK Hearing.app */,
				744D47E82BAA10D20052DA85 /* GCK HearingTests.xctest */,
			);
			name = Products;
			sourceTree = "<group>";
		};
		74B17F012B97989400527AA0 /* GCK Hearing */ = {
			isa = PBXGroup;
			children = (
				74B17F2A2B98D48E00527AA0 /* Coordinators */,
				74B17F232B97E86900527AA0 /* Extensions */,
				74B17F202B97E81C00527AA0 /* View Components */,
				74B17F1B2B97A23200527AA0 /* Database */,
				74B17F152B979EEA00527AA0 /* Entities */,
				74B17F2D2B9A215500527AA0 /* Features */,
				74B17F1C2B97CDBC00527AA0 /* Repositories */,
				74B17F022B97989400527AA0 /* GCK_HearingApp.swift */,
				74B17F062B97989600527AA0 /* Assets.xcassets */,
				74B17F082B97989600527AA0 /* Preview Content */,
				74BB0A4E2BA21E4200E43779 /* SceneDelegate.swift */,
				74BB0A502BA21E7500E43779 /* AppDelegate.swift */,
			);
			path = "GCK Hearing";
			sourceTree = "<group>";
		};
		74B17F082B97989600527AA0 /* Preview Content */ = {
			isa = PBXGroup;
			children = (
				74B17F092B97989600527AA0 /* Preview Assets.xcassets */,
			);
			path = "Preview Content";
			sourceTree = "<group>";
		};
		74B17F122B979DB200527AA0 /* PatientList */ = {
			isa = PBXGroup;
			children = (
				74B17F282B97F53C00527AA0 /* ViewModels */,
				74B17F1F2B97D9F000527AA0 /* Views */,
			);
			path = PatientList;
			sourceTree = "<group>";
		};
		74B17F152B979EEA00527AA0 /* Entities */ = {
			isa = PBXGroup;
			children = (
				74BB0A4B2BA21D5000E43779 /* Result Models */,
				74B17F162B979EFC00527AA0 /* PatientModel.swift */,
				744D48482BAA392F0052DA85 /* DayVisitModel.swift */,
			);
			path = Entities;
			sourceTree = "<group>";
		};
		74B17F182B97A0BC00527AA0 /* Mock Data */ = {
			isa = PBXGroup;
			children = (
				74B17F192B97A0DE00527AA0 /* FakeDatabase.swift */,
			);
			path = "Mock Data";
			sourceTree = "<group>";
		};
		74B17F1B2B97A23200527AA0 /* Database */ = {
			isa = PBXGroup;
			children = (
				74B17F182B97A0BC00527AA0 /* Mock Data */,
			);
			path = Database;
			sourceTree = "<group>";
		};
		74B17F1C2B97CDBC00527AA0 /* Repositories */ = {
			isa = PBXGroup;
			children = (
				74B17F1D2B97CDEF00527AA0 /* PatientRepository.swift */,
			);
			path = Repositories;
			sourceTree = "<group>";
		};
		74B17F1F2B97D9F000527AA0 /* Views */ = {
			isa = PBXGroup;
			children = (
				74B17F102B979AE400527AA0 /* PatientListView.swift */,
				74B688942BA8EE2C00920BA8 /* AddPatientView.swift */,
			);
			path = Views;
			sourceTree = "<group>";
		};
		74B17F202B97E81C00527AA0 /* View Components */ = {
			isa = PBXGroup;
			children = (
				744D48502BB322770052DA85 /* Styles */,
				74B17F212B97E82B00527AA0 /* SearchView.swift */,
				74B17F262B97EBD800527AA0 /* RoundedButton.swift */,
				744D484C2BACAFBA0052DA85 /* DateWheelTextField.swift */,
				744D484E2BB0B1240052DA85 /* PauseMenu.swift */,
			);
			path = "View Components";
			sourceTree = "<group>";
		};
		74B17F232B97E86900527AA0 /* Extensions */ = {
			isa = PBXGroup;
			children = (
				74B17F242B97E87300527AA0 /* Color.swift */,
				74BB09FF2B9FAD4700E43779 /* View.swift */,
				74BB0A562BA2477200E43779 /* Task + Sleep.swift */,
				744D484A2BAA41500052DA85 /* Date+.swift */,
			);
			path = Extensions;
			sourceTree = "<group>";
		};
		74B17F282B97F53C00527AA0 /* ViewModels */ = {
			isa = PBXGroup;
			children = (
				74B17F132B979DCD00527AA0 /* PatientViewModel.swift */,
			);
			path = ViewModels;
			sourceTree = "<group>";
		};
		74B17F292B97F56400527AA0 /* Login */ = {
			isa = PBXGroup;
			children = (
				74B17F042B97989400527AA0 /* LoginView.swift */,
				74BB09FB2B9F914400E43779 /* LoginViewModel.swift */,
			);
			path = Login;
			sourceTree = "<group>";
		};
		74B17F2A2B98D48E00527AA0 /* Coordinators */ = {
			isa = PBXGroup;
			children = (
				74B17F2B2B98D4A200527AA0 /* ScreeningCoordinator.swift */,
				74BB09FD2B9FA74300E43779 /* RootCoordinator.swift */,
				74BB0A522BA21FF200E43779 /* FirstCoordinator.swift */,
				74BB0A542BA220DC00E43779 /* ApplicationCoordinator.swift */,
			);
			path = Coordinators;
			sourceTree = "<group>";
		};
		74B17F2D2B9A215500527AA0 /* Features */ = {
			isa = PBXGroup;
			children = (
				74B17F382B9B75BA00527AA0 /* Results */,
				74B17F3D2B9BC9B500527AA0 /* Multi Location */,
				74B17F292B97F56400527AA0 /* Login */,
				74B17F332B9A938C00527AA0 /* Screening */,
				74B17F2E2B9A216200527AA0 /* PatientDetails */,
				74B17F122B979DB200527AA0 /* PatientList */,
			);
			path = Features;
			sourceTree = "<group>";
		};
		74B17F2E2B9A216200527AA0 /* PatientDetails */ = {
			isa = PBXGroup;
			children = (
				74B17F2F2B9A217600527AA0 /* PatientDetailView.swift */,
				74B17F312B9A37FC00527AA0 /* PatientDetailViewModel.swift */,
			);
			path = PatientDetails;
			sourceTree = "<group>";
		};
		74B17F332B9A938C00527AA0 /* Screening */ = {
			isa = PBXGroup;
			children = (
				74B17F342B9A93AF00527AA0 /* ScreeningViewModel.swift */,
				74B17F362B9A9CC400527AA0 /* ScreeningView.swift */,
			);
			path = Screening;
			sourceTree = "<group>";
		};
		74B17F382B9B75BA00527AA0 /* Results */ = {
			isa = PBXGroup;
			children = (
				74B17F392B9B75DE00527AA0 /* ResultDetailsViewModel.swift */,
				74B17F3B2B9B79C000527AA0 /* ResultDetailsView.swift */,
			);
			path = Results;
			sourceTree = "<group>";
		};
		74B17F3D2B9BC9B500527AA0 /* Multi Location */ = {
			isa = PBXGroup;
			children = (
				74B17F3E2B9BCA0D00527AA0 /* MultiLocationViewModel.swift */,
				74B17F402B9BCC3800527AA0 /* MultiLocationListView.swift */,
			);
			path = "Multi Location";
			sourceTree = "<group>";
		};
		74BB0A4B2BA21D5000E43779 /* Result Models */ = {
			isa = PBXGroup;
			children = (
				74BB0A4C2BA21D6100E43779 /* ResultModels.swift */,
			);
			path = "Result Models";
			sourceTree = "<group>";
		};
/* End PBXGroup section */

/* Begin PBXNativeTarget section */
		744D47E72BAA10D20052DA85 /* GCK HearingTests */ = {
			isa = PBXNativeTarget;
			buildConfigurationList = 744D47F02BAA10D20052DA85 /* Build configuration list for PBXNativeTarget "GCK HearingTests" */;
			buildPhases = (
				744D47E42BAA10D20052DA85 /* Sources */,
				744D47E52BAA10D20052DA85 /* Frameworks */,
				744D47E62BAA10D20052DA85 /* Resources */,
			);
			buildRules = (
			);
			dependencies = (
				744D47ED2BAA10D20052DA85 /* PBXTargetDependency */,
			);
			name = "GCK HearingTests";
			productName = "GCK HearingTests";
			productReference = 744D47E82BAA10D20052DA85 /* GCK HearingTests.xctest */;
			productType = "com.apple.product-type.bundle.unit-test";
		};
		74B17EFE2B97989400527AA0 /* GCK Hearing */ = {
			isa = PBXNativeTarget;
			buildConfigurationList = 74B17F0D2B97989600527AA0 /* Build configuration list for PBXNativeTarget "GCK Hearing" */;
			buildPhases = (
				74B17EFB2B97989400527AA0 /* Sources */,
				74B17EFC2B97989400527AA0 /* Frameworks */,
				74B17EFD2B97989400527AA0 /* Resources */,
			);
			buildRules = (
			);
			dependencies = (
			);
			name = "GCK Hearing";
			productName = "GCK Hearing";
			productReference = 74B17EFF2B97989400527AA0 /* GCK Hearing.app */;
			productType = "com.apple.product-type.application";
		};
/* End PBXNativeTarget section */

/* Begin PBXProject section */
		74B17EF72B97989400527AA0 /* Project object */ = {
			isa = PBXProject;
			attributes = {
				BuildIndependentTargetsInParallel = 1;
				LastSwiftUpdateCheck = 1500;
				LastUpgradeCheck = 1500;
				TargetAttributes = {
					744D47E72BAA10D20052DA85 = {
						CreatedOnToolsVersion = 15.0;
						TestTargetID = 74B17EFE2B97989400527AA0;
					};
					74B17EFE2B97989400527AA0 = {
						CreatedOnToolsVersion = 15.0;
					};
				};
			};
			buildConfigurationList = 74B17EFA2B97989400527AA0 /* Build configuration list for PBXProject "GCK Hearing" */;
			compatibilityVersion = "Xcode 14.0";
			developmentRegion = en;
			hasScannedForEncodings = 0;
			knownRegions = (
				en,
				Base,
			);
			mainGroup = 74B17EF62B97989400527AA0;
			productRefGroup = 74B17F002B97989400527AA0 /* Products */;
			projectDirPath = "";
			projectRoot = "";
			targets = (
				74B17EFE2B97989400527AA0 /* GCK Hearing */,
				744D47E72BAA10D20052DA85 /* GCK HearingTests */,
			);
		};
/* End PBXProject section */

/* Begin PBXResourcesBuildPhase section */
		744D47E62BAA10D20052DA85 /* Resources */ = {
			isa = PBXResourcesBuildPhase;
			buildActionMask = 2147483647;
			files = (
			);
			runOnlyForDeploymentPostprocessing = 0;
		};
		74B17EFD2B97989400527AA0 /* Resources */ = {
			isa = PBXResourcesBuildPhase;
			buildActionMask = 2147483647;
			files = (
				74B17F0A2B97989600527AA0 /* Preview Assets.xcassets in Resources */,
				74B17F072B97989600527AA0 /* Assets.xcassets in Resources */,
			);
			runOnlyForDeploymentPostprocessing = 0;
		};
/* End PBXResourcesBuildPhase section */

/* Begin PBXSourcesBuildPhase section */
		744D47E42BAA10D20052DA85 /* Sources */ = {
			isa = PBXSourcesBuildPhase;
			buildActionMask = 2147483647;
			files = (
				744D47EB2BAA10D20052DA85 /* GCK_HearingTests.swift in Sources */,
				744D47F22BAA10E60052DA85 /* PatientListTests.swift in Sources */,
			);
			runOnlyForDeploymentPostprocessing = 0;
		};
		74B17EFB2B97989400527AA0 /* Sources */ = {
			isa = PBXSourcesBuildPhase;
			buildActionMask = 2147483647;
			files = (
				74B17F3C2B9B79C000527AA0 /* ResultDetailsView.swift in Sources */,
				74B17F052B97989400527AA0 /* LoginView.swift in Sources */,
				74B17F272B97EBD800527AA0 /* RoundedButton.swift in Sources */,
				74B17F112B979AE400527AA0 /* PatientListView.swift in Sources */,
				744D48492BAA392F0052DA85 /* DayVisitModel.swift in Sources */,
				74BB0A572BA2477200E43779 /* Task + Sleep.swift in Sources */,
				744D484B2BAA41500052DA85 /* Date+.swift in Sources */,
				744D48522BB322FB0052DA85 /* Button+Style.swift in Sources */,
				74B17F322B9A37FC00527AA0 /* PatientDetailViewModel.swift in Sources */,
				74B17F1E2B97CDEF00527AA0 /* PatientRepository.swift in Sources */,
				74B17F412B9BCC3800527AA0 /* MultiLocationListView.swift in Sources */,
				74B17F142B979DCD00527AA0 /* PatientViewModel.swift in Sources */,
				74BB09FC2B9F914400E43779 /* LoginViewModel.swift in Sources */,
				74B17F302B9A217600527AA0 /* PatientDetailView.swift in Sources */,
				74B17F352B9A93AF00527AA0 /* ScreeningViewModel.swift in Sources */,
				744D484F2BB0B1240052DA85 /* PauseMenu.swift in Sources */,
				74BB0A532BA21FF200E43779 /* FirstCoordinator.swift in Sources */,
				74B17F3F2B9BCA0D00527AA0 /* MultiLocationViewModel.swift in Sources */,
				74B17F3A2B9B75DE00527AA0 /* ResultDetailsViewModel.swift in Sources */,
				74BB0A552BA220DC00E43779 /* ApplicationCoordinator.swift in Sources */,
				74BB0A512BA21E7500E43779 /* AppDelegate.swift in Sources */,
				74BB09FE2B9FA74300E43779 /* RootCoordinator.swift in Sources */,
				74B17F222B97E82B00527AA0 /* SearchView.swift in Sources */,
				74B17F1A2B97A0DE00527AA0 /* FakeDatabase.swift in Sources */,
				74B17F032B97989400527AA0 /* GCK_HearingApp.swift in Sources */,
				74B17F372B9A9CC400527AA0 /* ScreeningView.swift in Sources */,
				74B688952BA8EE2C00920BA8 /* AddPatientView.swift in Sources */,
				744D484D2BACAFBA0052DA85 /* DateWheelTextField.swift in Sources */,
				74B17F2C2B98D4A200527AA0 /* ScreeningCoordinator.swift in Sources */,
				74BB0A4D2BA21D6100E43779 /* ResultModels.swift in Sources */,
				74B17F172B979EFC00527AA0 /* PatientModel.swift in Sources */,
				74BB0A002B9FAD4700E43779 /* View.swift in Sources */,
				74B17F252B97E87300527AA0 /* Color.swift in Sources */,
				74BB0A4F2BA21E4200E43779 /* SceneDelegate.swift in Sources */,
			);
			runOnlyForDeploymentPostprocessing = 0;
		};
/* End PBXSourcesBuildPhase section */

/* Begin PBXTargetDependency section */
		744D47ED2BAA10D20052DA85 /* PBXTargetDependency */ = {
			isa = PBXTargetDependency;
			target = 74B17EFE2B97989400527AA0 /* GCK Hearing */;
			targetProxy = 744D47EC2BAA10D20052DA85 /* PBXContainerItemProxy */;
		};
/* End PBXTargetDependency section */

/* Begin XCBuildConfiguration section */
		744D47EE2BAA10D20052DA85 /* Debug */ = {
			isa = XCBuildConfiguration;
			buildSettings = {
				BUNDLE_LOADER = "$(TEST_HOST)";
				CODE_SIGN_STYLE = Automatic;
				CURRENT_PROJECT_VERSION = 1;
				DEVELOPMENT_TEAM = 3RYP47MLV8;
				GENERATE_INFOPLIST_FILE = YES;
				IPHONEOS_DEPLOYMENT_TARGET = 17.0;
				MARKETING_VERSION = 1.0;
				PRODUCT_BUNDLE_IDENTIFIER = "com.learning.GCK-HearingTests";
				PRODUCT_NAME = "$(TARGET_NAME)";
				SWIFT_EMIT_LOC_STRINGS = NO;
				SWIFT_VERSION = 5.0;
				TARGETED_DEVICE_FAMILY = "1,2";
				TEST_HOST = "$(BUILT_PRODUCTS_DIR)/GCK Hearing.app/$(BUNDLE_EXECUTABLE_FOLDER_PATH)/GCK Hearing";
			};
			name = Debug;
		};
		744D47EF2BAA10D20052DA85 /* Release */ = {
			isa = XCBuildConfiguration;
			buildSettings = {
				BUNDLE_LOADER = "$(TEST_HOST)";
				CODE_SIGN_STYLE = Automatic;
				CURRENT_PROJECT_VERSION = 1;
				DEVELOPMENT_TEAM = 3RYP47MLV8;
				GENERATE_INFOPLIST_FILE = YES;
				IPHONEOS_DEPLOYMENT_TARGET = 17.0;
				MARKETING_VERSION = 1.0;
				PRODUCT_BUNDLE_IDENTIFIER = "com.learning.GCK-HearingTests";
				PRODUCT_NAME = "$(TARGET_NAME)";
				SWIFT_EMIT_LOC_STRINGS = NO;
				SWIFT_VERSION = 5.0;
				TARGETED_DEVICE_FAMILY = "1,2";
				TEST_HOST = "$(BUILT_PRODUCTS_DIR)/GCK Hearing.app/$(BUNDLE_EXECUTABLE_FOLDER_PATH)/GCK Hearing";
			};
			name = Release;
		};
		74B17F0B2B97989600527AA0 /* Debug */ = {
			isa = XCBuildConfiguration;
			buildSettings = {
				ALWAYS_SEARCH_USER_PATHS = NO;
				ASSETCATALOG_COMPILER_GENERATE_SWIFT_ASSET_SYMBOL_EXTENSIONS = YES;
				CLANG_ANALYZER_NONNULL = YES;
				CLANG_ANALYZER_NUMBER_OBJECT_CONVERSION = YES_AGGRESSIVE;
				CLANG_CXX_LANGUAGE_STANDARD = "gnu++20";
				CLANG_ENABLE_MODULES = YES;
				CLANG_ENABLE_OBJC_ARC = YES;
				CLANG_ENABLE_OBJC_WEAK = YES;
				CLANG_WARN_BLOCK_CAPTURE_AUTORELEASING = YES;
				CLANG_WARN_BOOL_CONVERSION = YES;
				CLANG_WARN_COMMA = YES;
				CLANG_WARN_CONSTANT_CONVERSION = YES;
				CLANG_WARN_DEPRECATED_OBJC_IMPLEMENTATIONS = YES;
				CLANG_WARN_DIRECT_OBJC_ISA_USAGE = YES_ERROR;
				CLANG_WARN_DOCUMENTATION_COMMENTS = YES;
				CLANG_WARN_EMPTY_BODY = YES;
				CLANG_WARN_ENUM_CONVERSION = YES;
				CLANG_WARN_INFINITE_RECURSION = YES;
				CLANG_WARN_INT_CONVERSION = YES;
				CLANG_WARN_NON_LITERAL_NULL_CONVERSION = YES;
				CLANG_WARN_OBJC_IMPLICIT_RETAIN_SELF = YES;
				CLANG_WARN_OBJC_LITERAL_CONVERSION = YES;
				CLANG_WARN_OBJC_ROOT_CLASS = YES_ERROR;
				CLANG_WARN_QUOTED_INCLUDE_IN_FRAMEWORK_HEADER = YES;
				CLANG_WARN_RANGE_LOOP_ANALYSIS = YES;
				CLANG_WARN_STRICT_PROTOTYPES = YES;
				CLANG_WARN_SUSPICIOUS_MOVE = YES;
				CLANG_WARN_UNGUARDED_AVAILABILITY = YES_AGGRESSIVE;
				CLANG_WARN_UNREACHABLE_CODE = YES;
				CLANG_WARN__DUPLICATE_METHOD_MATCH = YES;
				COPY_PHASE_STRIP = NO;
				DEBUG_INFORMATION_FORMAT = dwarf;
				ENABLE_STRICT_OBJC_MSGSEND = YES;
				ENABLE_TESTABILITY = YES;
				ENABLE_USER_SCRIPT_SANDBOXING = YES;
				GCC_C_LANGUAGE_STANDARD = gnu17;
				GCC_DYNAMIC_NO_PIC = NO;
				GCC_NO_COMMON_BLOCKS = YES;
				GCC_OPTIMIZATION_LEVEL = 0;
				GCC_PREPROCESSOR_DEFINITIONS = (
					"DEBUG=1",
					"$(inherited)",
				);
				GCC_WARN_64_TO_32_BIT_CONVERSION = YES;
				GCC_WARN_ABOUT_RETURN_TYPE = YES_ERROR;
				GCC_WARN_UNDECLARED_SELECTOR = YES;
				GCC_WARN_UNINITIALIZED_AUTOS = YES_AGGRESSIVE;
				GCC_WARN_UNUSED_FUNCTION = YES;
				GCC_WARN_UNUSED_VARIABLE = YES;
				IPHONEOS_DEPLOYMENT_TARGET = 15.0;
				LOCALIZATION_PREFERS_STRING_CATALOGS = YES;
				MTL_ENABLE_DEBUG_INFO = INCLUDE_SOURCE;
				MTL_FAST_MATH = YES;
				ONLY_ACTIVE_ARCH = YES;
				SDKROOT = iphoneos;
				SWIFT_ACTIVE_COMPILATION_CONDITIONS = "DEBUG $(inherited)";
				SWIFT_OPTIMIZATION_LEVEL = "-Onone";
			};
			name = Debug;
		};
		74B17F0C2B97989600527AA0 /* Release */ = {
			isa = XCBuildConfiguration;
			buildSettings = {
				ALWAYS_SEARCH_USER_PATHS = NO;
				ASSETCATALOG_COMPILER_GENERATE_SWIFT_ASSET_SYMBOL_EXTENSIONS = YES;
				CLANG_ANALYZER_NONNULL = YES;
				CLANG_ANALYZER_NUMBER_OBJECT_CONVERSION = YES_AGGRESSIVE;
				CLANG_CXX_LANGUAGE_STANDARD = "gnu++20";
				CLANG_ENABLE_MODULES = YES;
				CLANG_ENABLE_OBJC_ARC = YES;
				CLANG_ENABLE_OBJC_WEAK = YES;
				CLANG_WARN_BLOCK_CAPTURE_AUTORELEASING = YES;
				CLANG_WARN_BOOL_CONVERSION = YES;
				CLANG_WARN_COMMA = YES;
				CLANG_WARN_CONSTANT_CONVERSION = YES;
				CLANG_WARN_DEPRECATED_OBJC_IMPLEMENTATIONS = YES;
				CLANG_WARN_DIRECT_OBJC_ISA_USAGE = YES_ERROR;
				CLANG_WARN_DOCUMENTATION_COMMENTS = YES;
				CLANG_WARN_EMPTY_BODY = YES;
				CLANG_WARN_ENUM_CONVERSION = YES;
				CLANG_WARN_INFINITE_RECURSION = YES;
				CLANG_WARN_INT_CONVERSION = YES;
				CLANG_WARN_NON_LITERAL_NULL_CONVERSION = YES;
				CLANG_WARN_OBJC_IMPLICIT_RETAIN_SELF = YES;
				CLANG_WARN_OBJC_LITERAL_CONVERSION = YES;
				CLANG_WARN_OBJC_ROOT_CLASS = YES_ERROR;
				CLANG_WARN_QUOTED_INCLUDE_IN_FRAMEWORK_HEADER = YES;
				CLANG_WARN_RANGE_LOOP_ANALYSIS = YES;
				CLANG_WARN_STRICT_PROTOTYPES = YES;
				CLANG_WARN_SUSPICIOUS_MOVE = YES;
				CLANG_WARN_UNGUARDED_AVAILABILITY = YES_AGGRESSIVE;
				CLANG_WARN_UNREACHABLE_CODE = YES;
				CLANG_WARN__DUPLICATE_METHOD_MATCH = YES;
				COPY_PHASE_STRIP = NO;
				DEBUG_INFORMATION_FORMAT = "dwarf-with-dsym";
				ENABLE_NS_ASSERTIONS = NO;
				ENABLE_STRICT_OBJC_MSGSEND = YES;
				ENABLE_USER_SCRIPT_SANDBOXING = YES;
				GCC_C_LANGUAGE_STANDARD = gnu17;
				GCC_NO_COMMON_BLOCKS = YES;
				GCC_WARN_64_TO_32_BIT_CONVERSION = YES;
				GCC_WARN_ABOUT_RETURN_TYPE = YES_ERROR;
				GCC_WARN_UNDECLARED_SELECTOR = YES;
				GCC_WARN_UNINITIALIZED_AUTOS = YES_AGGRESSIVE;
				GCC_WARN_UNUSED_FUNCTION = YES;
				GCC_WARN_UNUSED_VARIABLE = YES;
				IPHONEOS_DEPLOYMENT_TARGET = 15.0;
				LOCALIZATION_PREFERS_STRING_CATALOGS = YES;
				MTL_ENABLE_DEBUG_INFO = NO;
				MTL_FAST_MATH = YES;
				SDKROOT = iphoneos;
				SWIFT_COMPILATION_MODE = wholemodule;
				VALIDATE_PRODUCT = YES;
			};
			name = Release;
		};
		74B17F0E2B97989600527AA0 /* Debug */ = {
			isa = XCBuildConfiguration;
			buildSettings = {
				ASSETCATALOG_COMPILER_APPICON_NAME = AppIcon;
				ASSETCATALOG_COMPILER_GLOBAL_ACCENT_COLOR_NAME = AccentColor;
				CODE_SIGN_STYLE = Automatic;
				CURRENT_PROJECT_VERSION = 1;
				DEVELOPMENT_ASSET_PATHS = "\"GCK Hearing/Preview Content\"";
				DEVELOPMENT_TEAM = 3RYP47MLV8;
				ENABLE_PREVIEWS = YES;
				GENERATE_INFOPLIST_FILE = YES;
				INFOPLIST_KEY_UIApplicationSceneManifest_Generation = YES;
				INFOPLIST_KEY_UIApplicationSupportsIndirectInputEvents = YES;
				INFOPLIST_KEY_UILaunchScreen_Generation = YES;
				INFOPLIST_KEY_UISupportedInterfaceOrientations_iPad = "UIInterfaceOrientationPortrait UIInterfaceOrientationPortraitUpsideDown UIInterfaceOrientationLandscapeLeft UIInterfaceOrientationLandscapeRight";
				INFOPLIST_KEY_UISupportedInterfaceOrientations_iPhone = "UIInterfaceOrientationPortrait UIInterfaceOrientationLandscapeLeft UIInterfaceOrientationLandscapeRight";
				IPHONEOS_DEPLOYMENT_TARGET = 15.0;
				LD_RUNPATH_SEARCH_PATHS = (
					"$(inherited)",
					"@executable_path/Frameworks",
				);
				MARKETING_VERSION = 1.0;
				PRODUCT_BUNDLE_IDENTIFIER = "com.gocheckkids.gck-hearing";
				PRODUCT_NAME = "$(TARGET_NAME)";
				SWIFT_EMIT_LOC_STRINGS = YES;
				SWIFT_VERSION = 5.0;
				TARGETED_DEVICE_FAMILY = "1,2";
			};
			name = Debug;
		};
		74B17F0F2B97989600527AA0 /* Release */ = {
			isa = XCBuildConfiguration;
			buildSettings = {
				ASSETCATALOG_COMPILER_APPICON_NAME = AppIcon;
				ASSETCATALOG_COMPILER_GLOBAL_ACCENT_COLOR_NAME = AccentColor;
				CODE_SIGN_STYLE = Automatic;
				CURRENT_PROJECT_VERSION = 1;
				DEVELOPMENT_ASSET_PATHS = "\"GCK Hearing/Preview Content\"";
				DEVELOPMENT_TEAM = 3RYP47MLV8;
				ENABLE_PREVIEWS = YES;
				GENERATE_INFOPLIST_FILE = YES;
				INFOPLIST_KEY_UIApplicationSceneManifest_Generation = YES;
				INFOPLIST_KEY_UIApplicationSupportsIndirectInputEvents = YES;
				INFOPLIST_KEY_UILaunchScreen_Generation = YES;
				INFOPLIST_KEY_UISupportedInterfaceOrientations_iPad = "UIInterfaceOrientationPortrait UIInterfaceOrientationPortraitUpsideDown UIInterfaceOrientationLandscapeLeft UIInterfaceOrientationLandscapeRight";
				INFOPLIST_KEY_UISupportedInterfaceOrientations_iPhone = "UIInterfaceOrientationPortrait UIInterfaceOrientationLandscapeLeft UIInterfaceOrientationLandscapeRight";
				IPHONEOS_DEPLOYMENT_TARGET = 15.0;
				LD_RUNPATH_SEARCH_PATHS = (
					"$(inherited)",
					"@executable_path/Frameworks",
				);
				MARKETING_VERSION = 1.0;
				PRODUCT_BUNDLE_IDENTIFIER = "com.gocheckkids.gck-hearing";
				PRODUCT_NAME = "$(TARGET_NAME)";
				SWIFT_EMIT_LOC_STRINGS = YES;
				SWIFT_VERSION = 5.0;
				TARGETED_DEVICE_FAMILY = "1,2";
			};
			name = Release;
		};
/* End XCBuildConfiguration section */

/* Begin XCConfigurationList section */
		744D47F02BAA10D20052DA85 /* Build configuration list for PBXNativeTarget "GCK HearingTests" */ = {
			isa = XCConfigurationList;
			buildConfigurations = (
				744D47EE2BAA10D20052DA85 /* Debug */,
				744D47EF2BAA10D20052DA85 /* Release */,
			);
			defaultConfigurationIsVisible = 0;
			defaultConfigurationName = Release;
		};
		74B17EFA2B97989400527AA0 /* Build configuration list for PBXProject "GCK Hearing" */ = {
			isa = XCConfigurationList;
			buildConfigurations = (
				74B17F0B2B97989600527AA0 /* Debug */,
				74B17F0C2B97989600527AA0 /* Release */,
			);
			defaultConfigurationIsVisible = 0;
			defaultConfigurationName = Release;
		};
		74B17F0D2B97989600527AA0 /* Build configuration list for PBXNativeTarget "GCK Hearing" */ = {
			isa = XCConfigurationList;
			buildConfigurations = (
				74B17F0E2B97989600527AA0 /* Debug */,
				74B17F0F2B97989600527AA0 /* Release */,
			);
			defaultConfigurationIsVisible = 0;
			defaultConfigurationName = Release;
		};
/* End XCConfigurationList section */
	};
	rootObject = 74B17EF72B97989400527AA0 /* Project object */;
}
